
Microsoft Visual Studio Solution File, Format Version 12.00
# Visual Studio Version 16
VisualStudioVersion = 16.0.30517.126
MinimumVisualStudioVersion = 10.0.40219.1
Project("{9A19103F-16F7-4668-BE54-9A1E7A4F7556}") = "api", "api.csproj", "{68362BB5-F529-4FA5-A171-08A0E8E36E28}"
EndProject
Global
	GlobalSection(SolutionConfigurationPlatforms) = preSolution
		Debug|Any CPU = Debug|Any CPU
		Release|Any CPU = Release|Any CPU
	EndGlobalSection
	GlobalSection(ProjectConfigurationPlatforms) = postSolution
		{68362BB5-F529-4FA5-A171-08A0E8E36E28}.Debug|Any CPU.ActiveCfg = Debug|Any CPU
		{68362BB5-F529-4FA5-A171-08A0E8E36E28}.Debug|Any CPU.Build.0 = Debug|Any CPU
		{68362BB5-F529-4FA5-A171-08A0E8E36E28}.Release|Any CPU.ActiveCfg = Release|Any CPU
		{68362BB5-F529-4FA5-A171-08A0E8E36E28}.Release|Any CPU.Build.0 = Release|Any CPU
	EndGlobalSection
	GlobalSection(SolutionProperties) = preSolution
		HideSolutionNode = FALSE
	EndGlobalSection
	GlobalSection(ExtensibilityGlobals) = postSolution
		SolutionGuid = {E0A63B89-6859-4C52-A768-0C316F5D05DB}
	EndGlobalSection
EndGlobal
